
Microsoft Visual Studio Solution File, Format Version 12.00
# Visual Studio Version 16
VisualStudioVersion = 16.0.30907.101
MinimumVisualStudioVersion = 10.0.40219.1
Project("{FAE04EC0-301F-11D3-BF4B-00C04F79EFBC}") = "Portafolio.Web", "Portafolio\Portafolio.Web.csproj", "{2A6A491D-B99A-4CC7-9D5A-58331142F02E}"
EndProject
Global
	GlobalSection(SolutionConfigurationPlatforms) = preSolution
		Debug|Any CPU = Debug|Any CPU
		Release|Any CPU = Release|Any CPU
	EndGlobalSection
	GlobalSection(ProjectConfigurationPlatforms) = postSolution
		{2A6A491D-B99A-4CC7-9D5A-58331142F02E}.Debug|Any CPU.ActiveCfg = Debug|Any CPU
		{2A6A491D-B99A-4CC7-9D5A-58331142F02E}.Debug|Any CPU.Build.0 = Debug|Any CPU
		{2A6A491D-B99A-4CC7-9D5A-58331142F02E}.Release|Any CPU.ActiveCfg = Release|Any CPU
		{2A6A491D-B99A-4CC7-9D5A-58331142F02E}.Release|Any CPU.Build.0 = Release|Any CPU
	EndGlobalSection
	GlobalSection(SolutionProperties) = preSolution
		HideSolutionNode = FALSE
	EndGlobalSection
	GlobalSection(ExtensibilityGlobals) = postSolution
		SolutionGuid = {5C84B3BF-87A2-4CE8-8442-F1741E59EC4C}
	EndGlobalSection
EndGlobal
